// !$*UTF8*$!
{
	archiveVersion = 1;
	classes = {
	};
	objectVersion = 56;
	objects = {

/* Begin PBXBuildFile section */
		E956FE502C306E7100B93E97 /* MoviesDBApp.swift in Sources */ = {isa = PBXBuildFile; fileRef = E956FE4F2C306E7100B93E97 /* MoviesDBApp.swift */; };
		E956FE522C306E7100B93E97 /* ContentView.swift in Sources */ = {isa = PBXBuildFile; fileRef = E956FE512C306E7100B93E97 /* ContentView.swift */; };
		E956FE542C306E7200B93E97 /* Assets.xcassets in Resources */ = {isa = PBXBuildFile; fileRef = E956FE532C306E7200B93E97 /* Assets.xcassets */; };
		E956FE572C306E7200B93E97 /* Preview Assets.xcassets in Resources */ = {isa = PBXBuildFile; fileRef = E956FE562C306E7200B93E97 /* Preview Assets.xcassets */; };
		E956FE5F2C306EFB00B93E97 /* Movie.swift in Sources */ = {isa = PBXBuildFile; fileRef = E956FE5E2C306EFB00B93E97 /* Movie.swift */; };
		E956FE622C306F6700B93E97 /* MovieController.swift in Sources */ = {isa = PBXBuildFile; fileRef = E956FE612C306F6700B93E97 /* MovieController.swift */; };
		E956FE682C30707200B93E97 /* movies.json in Resources */ = {isa = PBXBuildFile; fileRef = E956FE672C30707200B93E97 /* movies.json */; };
		E956FE6A2C3071BF00B93E97 /* MovieDetailView.swift in Sources */ = {isa = PBXBuildFile; fileRef = E956FE692C3071BF00B93E97 /* MovieDetailView.swift */; };
		E956FE6C2C3071F100B93E97 /* SearchBar.swift in Sources */ = {isa = PBXBuildFile; fileRef = E956FE6B2C3071F100B93E97 /* SearchBar.swift */; };
		E956FE6E2C307CFF00B93E97 /* MovieRowView.swift in Sources */ = {isa = PBXBuildFile; fileRef = E956FE6D2C307CFF00B93E97 /* MovieRowView.swift */; };
/* End PBXBuildFile section */

/* Begin PBXFileReference section */
		E956FE4C2C306E7100B93E97 /* MoviesDB.app */ = {isa = PBXFileReference; explicitFileType = wrapper.application; includeInIndex = 0; path = MoviesDB.app; sourceTree = BUILT_PRODUCTS_DIR; };
		E956FE4F2C306E7100B93E97 /* MoviesDBApp.swift */ = {isa = PBXFileReference; lastKnownFileType = sourcecode.swift; path = MoviesDBApp.swift; sourceTree = "<group>"; };
		E956FE512C306E7100B93E97 /* ContentView.swift */ = {isa = PBXFileReference; lastKnownFileType = sourcecode.swift; path = ContentView.swift; sourceTree = "<group>"; };
		E956FE532C306E7200B93E97 /* Assets.xcassets */ = {isa = PBXFileReference; lastKnownFileType = folder.assetcatalog; path = Assets.xcassets; sourceTree = "<group>"; };
		E956FE562C306E7200B93E97 /* Preview Assets.xcassets */ = {isa = PBXFileReference; lastKnownFileType = folder.assetcatalog; path = "Preview Assets.xcassets"; sourceTree = "<group>"; };
		E956FE5E2C306EFB00B93E97 /* Movie.swift */ = {isa = PBXFileReference; lastKnownFileType = sourcecode.swift; path = Movie.swift; sourceTree = "<group>"; };
		E956FE612C306F6700B93E97 /* MovieController.swift */ = {isa = PBXFileReference; lastKnownFileType = sourcecode.swift; path = MovieController.swift; sourceTree = "<group>"; };
		E956FE672C30707200B93E97 /* movies.json */ = {isa = PBXFileReference; fileEncoding = 4; lastKnownFileType = text.json; path = movies.json; sourceTree = "<group>"; };
		E956FE692C3071BF00B93E97 /* MovieDetailView.swift */ = {isa = PBXFileReference; lastKnownFileType = sourcecode.swift; path = MovieDetailView.swift; sourceTree = "<group>"; };
		E956FE6B2C3071F100B93E97 /* SearchBar.swift */ = {isa = PBXFileReference; lastKnownFileType = sourcecode.swift; path = SearchBar.swift; sourceTree = "<group>"; };
		E956FE6D2C307CFF00B93E97 /* MovieRowView.swift */ = {isa = PBXFileReference; lastKnownFileType = sourcecode.swift; path = MovieRowView.swift; sourceTree = "<group>"; };
/* End PBXFileReference section */

/* Begin PBXFrameworksBuildPhase section */
		E956FE492C306E7100B93E97 /* Frameworks */ = {
			isa = PBXFrameworksBuildPhase;
			buildActionMask = 2147483647;
			files = (
			);
			runOnlyForDeploymentPostprocessing = 0;
		};
/* End PBXFrameworksBuildPhase section */

/* Begin PBXGroup section */
		E956FE432C306E7000B93E97 = {
			isa = PBXGroup;
			children = (
				E956FE4E2C306E7100B93E97 /* MoviesDB */,
				E956FE4D2C306E7100B93E97 /* Products */,
			);
			sourceTree = "<group>";
		};
		E956FE4D2C306E7100B93E97 /* Products */ = {
			isa = PBXGroup;
			children = (
				E956FE4C2C306E7100B93E97 /* MoviesDB.app */,
			);
			name = Products;
			sourceTree = "<group>";
		};
		E956FE4E2C306E7100B93E97 /* MoviesDB */ = {
			isa = PBXGroup;
			children = (
				E956FE6F2C311D0D00B93E97 /* App */,
				E956FE662C30702A00B93E97 /* Resources */,
				E956FE602C306F4400B93E97 /* Controller */,
				E956FE5D2C306EF000B93E97 /* Models */,
				E956FE632C306F8500B93E97 /* Views */,
				E956FE532C306E7200B93E97 /* Assets.xcassets */,
				E956FE552C306E7200B93E97 /* Preview Content */,
			);
			path = MoviesDB;
			sourceTree = "<group>";
		};
		E956FE552C306E7200B93E97 /* Preview Content */ = {
			isa = PBXGroup;
			children = (
				E956FE562C306E7200B93E97 /* Preview Assets.xcassets */,
			);
			path = "Preview Content";
			sourceTree = "<group>";
		};
		E956FE5D2C306EF000B93E97 /* Models */ = {
			isa = PBXGroup;
			children = (
				E956FE5E2C306EFB00B93E97 /* Movie.swift */,
			);
			path = Models;
			sourceTree = "<group>";
		};
		E956FE602C306F4400B93E97 /* Controller */ = {
			isa = PBXGroup;
			children = (
				E956FE612C306F6700B93E97 /* MovieController.swift */,
			);
			path = Controller;
			sourceTree = "<group>";
		};
		E956FE632C306F8500B93E97 /* Views */ = {
			isa = PBXGroup;
			children = (
				E956FE512C306E7100B93E97 /* ContentView.swift */,
				E956FE692C3071BF00B93E97 /* MovieDetailView.swift */,
				E956FE6D2C307CFF00B93E97 /* MovieRowView.swift */,
				E956FE6B2C3071F100B93E97 /* SearchBar.swift */,
			);
			path = Views;
			sourceTree = "<group>";
		};
		E956FE662C30702A00B93E97 /* Resources */ = {
			isa = PBXGroup;
			children = (
				E956FE672C30707200B93E97 /* movies.json */,
			);
			path = Resources;
			sourceTree = "<group>";
		};
		E956FE6F2C311D0D00B93E97 /* App */ = {
			isa = PBXGroup;
			children = (
				E956FE4F2C306E7100B93E97 /* MoviesDBApp.swift */,
			);
			path = App;
			sourceTree = "<group>";
		};
/* End PBXGroup section */

/* Begin PBXNativeTarget section */
		E956FE4B2C306E7100B93E97 /* MoviesDB */ = {
			isa = PBXNativeTarget;
			buildConfigurationList = E956FE5A2C306E7200B93E97 /* Build configuration list for PBXNativeTarget "MoviesDB" */;
			buildPhases = (
				E956FE482C306E7100B93E97 /* Sources */,
				E956FE492C306E7100B93E97 /* Frameworks */,
				E956FE4A2C306E7100B93E97 /* Resources */,
			);
			buildRules = (
			);
			dependencies = (
			);
			name = MoviesDB;
			productName = MoviesDB;
			productReference = E956FE4C2C306E7100B93E97 /* MoviesDB.app */;
			productType = "com.apple.product-type.application";
		};
/* End PBXNativeTarget section */

/* Begin PBXProject section */
		E956FE442C306E7000B93E97 /* Project object */ = {
			isa = PBXProject;
			attributes = {
				BuildIndependentTargetsInParallel = 1;
				LastSwiftUpdateCheck = 1540;
				LastUpgradeCheck = 1540;
				TargetAttributes = {
					E956FE4B2C306E7100B93E97 = {
						CreatedOnToolsVersion = 15.4;
					};
				};
			};
			buildConfigurationList = E956FE472C306E7000B93E97 /* Build configuration list for PBXProject "MoviesDB" */;
			compatibilityVersion = "Xcode 14.0";
			developmentRegion = en;
			hasScannedForEncodings = 0;
			knownRegions = (
				en,
				Base,
			);
			mainGroup = E956FE432C306E7000B93E97;
			productRefGroup = E956FE4D2C306E7100B93E97 /* Products */;
			projectDirPath = "";
			projectRoot = "";
			targets = (
				E956FE4B2C306E7100B93E97 /* MoviesDB */,
			);
		};
/* End PBXProject section */

/* Begin PBXResourcesBuildPhase section */
		E956FE4A2C306E7100B93E97 /* Resources */ = {
			isa = PBXResourcesBuildPhase;
			buildActionMask = 2147483647;
			files = (
				E956FE682C30707200B93E97 /* movies.json in Resources */,
				E956FE572C306E7200B93E97 /* Preview Assets.xcassets in Resources */,
				E956FE542C306E7200B93E97 /* Assets.xcassets in Resources */,
			);
			runOnlyForDeploymentPostprocessing = 0;
		};
/* End PBXResourcesBuildPhase section */

/* Begin PBXSourcesBuildPhase section */
		E956FE482C306E7100B93E97 /* Sources */ = {
			isa = PBXSourcesBuildPhase;
			buildActionMask = 2147483647;
			files = (
				E956FE6A2C3071BF00B93E97 /* MovieDetailView.swift in Sources */,
				E956FE522C306E7100B93E97 /* ContentView.swift in Sources */,
				E956FE5F2C306EFB00B93E97 /* Movie.swift in Sources */,
				E956FE6E2C307CFF00B93E97 /* MovieRowView.swift in Sources */,
				E956FE6C2C3071F100B93E97 /* SearchBar.swift in Sources */,
				E956FE502C306E7100B93E97 /* MoviesDBApp.swift in Sources */,
				E956FE622C306F6700B93E97 /* MovieController.swift in Sources */,
			);
			runOnlyForDeploymentPostprocessing = 0;
		};
/* End PBXSourcesBuildPhase section */

/* Begin XCBuildConfiguration section */
		E956FE582C306E7200B93E97 /* Debug */ = {
			isa = XCBuildConfiguration;
			buildSettings = {
				ALWAYS_SEARCH_USER_PATHS = NO;
				ASSETCATALOG_COMPILER_GENERATE_SWIFT_ASSET_SYMBOL_EXTENSIONS = YES;
				CLANG_ANALYZER_NONNULL = YES;
				CLANG_ANALYZER_NUMBER_OBJECT_CONVERSION = YES_AGGRESSIVE;
				CLANG_CXX_LANGUAGE_STANDARD = "gnu++20";
				CLANG_ENABLE_MODULES = YES;
				CLANG_ENABLE_OBJC_ARC = YES;
				CLANG_ENABLE_OBJC_WEAK = YES;
				CLANG_WARN_BLOCK_CAPTURE_AUTORELEASING = YES;
				CLANG_WARN_BOOL_CONVERSION = YES;
				CLANG_WARN_COMMA = YES;
				CLANG_WARN_CONSTANT_CONVERSION = YES;
				CLANG_WARN_DEPRECATED_OBJC_IMPLEMENTATIONS = YES;
				CLANG_WARN_DIRECT_OBJC_ISA_USAGE = YES_ERROR;
				CLANG_WARN_DOCUMENTATION_COMMENTS = YES;
				CLANG_WARN_EMPTY_BODY = YES;
				CLANG_WARN_ENUM_CONVERSION = YES;
				CLANG_WARN_INFINITE_RECURSION = YES;
				CLANG_WARN_INT_CONVERSION = YES;
				CLANG_WARN_NON_LITERAL_NULL_CONVERSION = YES;
				CLANG_WARN_OBJC_IMPLICIT_RETAIN_SELF = YES;
				CLANG_WARN_OBJC_LITERAL_CONVERSION = YES;
				CLANG_WARN_OBJC_ROOT_CLASS = YES_ERROR;
				CLANG_WARN_QUOTED_INCLUDE_IN_FRAMEWORK_HEADER = YES;
				CLANG_WARN_RANGE_LOOP_ANALYSIS = YES;
				CLANG_WARN_STRICT_PROTOTYPES = YES;
				CLANG_WARN_SUSPICIOUS_MOVE = YES;
				CLANG_WARN_UNGUARDED_AVAILABILITY = YES_AGGRESSIVE;
				CLANG_WARN_UNREACHABLE_CODE = YES;
				CLANG_WARN__DUPLICATE_METHOD_MATCH = YES;
				COPY_PHASE_STRIP = NO;
				DEBUG_INFORMATION_FORMAT = dwarf;
				ENABLE_STRICT_OBJC_MSGSEND = YES;
				ENABLE_TESTABILITY = YES;
				ENABLE_USER_SCRIPT_SANDBOXING = YES;
				GCC_C_LANGUAGE_STANDARD = gnu17;
				GCC_DYNAMIC_NO_PIC = NO;
				GCC_NO_COMMON_BLOCKS = YES;
				GCC_OPTIMIZATION_LEVEL = 0;
				GCC_PREPROCESSOR_DEFINITIONS = (
					"DEBUG=1",
					"$(inherited)",
				);
				GCC_WARN_64_TO_32_BIT_CONVERSION = YES;
				GCC_WARN_ABOUT_RETURN_TYPE = YES_ERROR;
				GCC_WARN_UNDECLARED_SELECTOR = YES;
				GCC_WARN_UNINITIALIZED_AUTOS = YES_AGGRESSIVE;
				GCC_WARN_UNUSED_FUNCTION = YES;
				GCC_WARN_UNUSED_VARIABLE = YES;
				IPHONEOS_DEPLOYMENT_TARGET = 17.5;
				LOCALIZATION_PREFERS_STRING_CATALOGS = YES;
				MTL_ENABLE_DEBUG_INFO = INCLUDE_SOURCE;
				MTL_FAST_MATH = YES;
				ONLY_ACTIVE_ARCH = YES;
				SDKROOT = iphoneos;
				SWIFT_ACTIVE_COMPILATION_CONDITIONS = "DEBUG $(inherited)";
				SWIFT_OPTIMIZATION_LEVEL = "-Onone";
			};
			name = Debug;
		};
		E956FE592C306E7200B93E97 /* Release */ = {
			isa = XCBuildConfiguration;
			buildSettings = {
				ALWAYS_SEARCH_USER_PATHS = NO;
				ASSETCATALOG_COMPILER_GENERATE_SWIFT_ASSET_SYMBOL_EXTENSIONS = YES;
				CLANG_ANALYZER_NONNULL = YES;
				CLANG_ANALYZER_NUMBER_OBJECT_CONVERSION = YES_AGGRESSIVE;
				CLANG_CXX_LANGUAGE_STANDARD = "gnu++20";
				CLANG_ENABLE_MODULES = YES;
				CLANG_ENABLE_OBJC_ARC = YES;
				CLANG_ENABLE_OBJC_WEAK = YES;
				CLANG_WARN_BLOCK_CAPTURE_AUTORELEASING = YES;
				CLANG_WARN_BOOL_CONVERSION = YES;
				CLANG_WARN_COMMA = YES;
				CLANG_WARN_CONSTANT_CONVERSION = YES;
				CLANG_WARN_DEPRECATED_OBJC_IMPLEMENTATIONS = YES;
				CLANG_WARN_DIRECT_OBJC_ISA_USAGE = YES_ERROR;
				CLANG_WARN_DOCUMENTATION_COMMENTS = YES;
				CLANG_WARN_EMPTY_BODY = YES;
				CLANG_WARN_ENUM_CONVERSION = YES;
				CLANG_WARN_INFINITE_RECURSION = YES;
				CLANG_WARN_INT_CONVERSION = YES;
				CLANG_WARN_NON_LITERAL_NULL_CONVERSION = YES;
				CLANG_WARN_OBJC_IMPLICIT_RETAIN_SELF = YES;
				CLANG_WARN_OBJC_LITERAL_CONVERSION = YES;
				CLANG_WARN_OBJC_ROOT_CLASS = YES_ERROR;
				CLANG_WARN_QUOTED_INCLUDE_IN_FRAMEWORK_HEADER = YES;
				CLANG_WARN_RANGE_LOOP_ANALYSIS = YES;
				CLANG_WARN_STRICT_PROTOTYPES = YES;
				CLANG_WARN_SUSPICIOUS_MOVE = YES;
				CLANG_WARN_UNGUARDED_AVAILABILITY = YES_AGGRESSIVE;
				CLANG_WARN_UNREACHABLE_CODE = YES;
				CLANG_WARN__DUPLICATE_METHOD_MATCH = YES;
				COPY_PHASE_STRIP = NO;
				DEBUG_INFORMATION_FORMAT = "dwarf-with-dsym";
				ENABLE_NS_ASSERTIONS = NO;
				ENABLE_STRICT_OBJC_MSGSEND = YES;
				ENABLE_USER_SCRIPT_SANDBOXING = YES;
				GCC_C_LANGUAGE_STANDARD = gnu17;
				GCC_NO_COMMON_BLOCKS = YES;
				GCC_WARN_64_TO_32_BIT_CONVERSION = YES;
				GCC_WARN_ABOUT_RETURN_TYPE = YES_ERROR;
				GCC_WARN_UNDECLARED_SELECTOR = YES;
				GCC_WARN_UNINITIALIZED_AUTOS = YES_AGGRESSIVE;
				GCC_WARN_UNUSED_FUNCTION = YES;
				GCC_WARN_UNUSED_VARIABLE = YES;
				IPHONEOS_DEPLOYMENT_TARGET = 17.5;
				LOCALIZATION_PREFERS_STRING_CATALOGS = YES;
				MTL_ENABLE_DEBUG_INFO = NO;
				MTL_FAST_MATH = YES;
				SDKROOT = iphoneos;
				SWIFT_COMPILATION_MODE = wholemodule;
				VALIDATE_PRODUCT = YES;
			};
			name = Release;
		};
		E956FE5B2C306E7200B93E97 /* Debug */ = {
			isa = XCBuildConfiguration;
			buildSettings = {
				ASSETCATALOG_COMPILER_APPICON_NAME = AppIcon;
				ASSETCATALOG_COMPILER_GLOBAL_ACCENT_COLOR_NAME = AccentColor;
				CODE_SIGN_STYLE = Automatic;
				CURRENT_PROJECT_VERSION = 1;
				DEVELOPMENT_ASSET_PATHS = "\"MoviesDB/Preview Content\"";
				DEVELOPMENT_TEAM = D6J4W3B9HJ;
				ENABLE_PREVIEWS = YES;
				GENERATE_INFOPLIST_FILE = YES;
				INFOPLIST_KEY_UIApplicationSceneManifest_Generation = YES;
				INFOPLIST_KEY_UIApplicationSupportsIndirectInputEvents = YES;
				INFOPLIST_KEY_UILaunchScreen_Generation = YES;
				INFOPLIST_KEY_UISupportedInterfaceOrientations_iPad = "UIInterfaceOrientationPortrait UIInterfaceOrientationPortraitUpsideDown UIInterfaceOrientationLandscapeLeft UIInterfaceOrientationLandscapeRight";
				INFOPLIST_KEY_UISupportedInterfaceOrientations_iPhone = "UIInterfaceOrientationPortrait UIInterfaceOrientationLandscapeLeft UIInterfaceOrientationLandscapeRight";
				LD_RUNPATH_SEARCH_PATHS = (
					"$(inherited)",
					"@executable_path/Frameworks",
				);
				MARKETING_VERSION = 1.0;
				PRODUCT_BUNDLE_IDENTIFIER = com.sakshamshrey.MoviesDB;
				PRODUCT_NAME = "$(TARGET_NAME)";
				SWIFT_EMIT_LOC_STRINGS = YES;
				SWIFT_VERSION = 5.0;
				TARGETED_DEVICE_FAMILY = "1,2";
			};
			name = Debug;
		};
		E956FE5C2C306E7200B93E97 /* Release */ = {
			isa = XCBuildConfiguration;
			buildSettings = {
				ASSETCATALOG_COMPILER_APPICON_NAME = AppIcon;
				ASSETCATALOG_COMPILER_GLOBAL_ACCENT_COLOR_NAME = AccentColor;
				CODE_SIGN_STYLE = Automatic;
				CURRENT_PROJECT_VERSION = 1;
				DEVELOPMENT_ASSET_PATHS = "\"MoviesDB/Preview Content\"";
				DEVELOPMENT_TEAM = D6J4W3B9HJ;
				ENABLE_PREVIEWS = YES;
				GENERATE_INFOPLIST_FILE = YES;
				INFOPLIST_KEY_UIApplicationSceneManifest_Generation = YES;
				INFOPLIST_KEY_UIApplicationSupportsIndirectInputEvents = YES;
				INFOPLIST_KEY_UILaunchScreen_Generation = YES;
				INFOPLIST_KEY_UISupportedInterfaceOrientations_iPad = "UIInterfaceOrientationPortrait UIInterfaceOrientationPortraitUpsideDown UIInterfaceOrientationLandscapeLeft UIInterfaceOrientationLandscapeRight";
				INFOPLIST_KEY_UISupportedInterfaceOrientations_iPhone = "UIInterfaceOrientationPortrait UIInterfaceOrientationLandscapeLeft UIInterfaceOrientationLandscapeRight";
				LD_RUNPATH_SEARCH_PATHS = (
					"$(inherited)",
					"@executable_path/Frameworks",
				);
				MARKETING_VERSION = 1.0;
				PRODUCT_BUNDLE_IDENTIFIER = com.sakshamshrey.MoviesDB;
				PRODUCT_NAME = "$(TARGET_NAME)";
				SWIFT_EMIT_LOC_STRINGS = YES;
				SWIFT_VERSION = 5.0;
				TARGETED_DEVICE_FAMILY = "1,2";
			};
			name = Release;
		};
/* End XCBuildConfiguration section */

/* Begin XCConfigurationList section */
		E956FE472C306E7000B93E97 /* Build configuration list for PBXProject "MoviesDB" */ = {
			isa = XCConfigurationList;
			buildConfigurations = (
				E956FE582C306E7200B93E97 /* Debug */,
				E956FE592C306E7200B93E97 /* Release */,
			);
			defaultConfigurationIsVisible = 0;
			defaultConfigurationName = Release;
		};
		E956FE5A2C306E7200B93E97 /* Build configuration list for PBXNativeTarget "MoviesDB" */ = {
			isa = XCConfigurationList;
			buildConfigurations = (
				E956FE5B2C306E7200B93E97 /* Debug */,
				E956FE5C2C306E7200B93E97 /* Release */,
			);
			defaultConfigurationIsVisible = 0;
			defaultConfigurationName = Release;
		};
/* End XCConfigurationList section */
	};
	rootObject = E956FE442C306E7000B93E97 /* Project object */;
}
